// !$*UTF8*$!
{
	archiveVersion = 1;
	classes = {
	};
	objectVersion = 56;
	objects = {

/* Begin PBXBuildFile section */
		BC8D3C2628E93934005B8848 /* Movies.swift in Sources */ = {isa = PBXBuildFile; fileRef = BC8D3C2528E93934005B8848 /* Movies.swift */; };
		BC8D3C2C28E9395C005B8848 /* FilterMovies.swift in Sources */ = {isa = PBXBuildFile; fileRef = BC8D3C2B28E9395C005B8848 /* FilterMovies.swift */; };
		BC8D3C4228E93A23005B8848 /* FilterCollectionViewCell.swift in Sources */ = {isa = PBXBuildFile; fileRef = BC8D3C4028E93A23005B8848 /* FilterCollectionViewCell.swift */; };
		BC8D3C4328E93A23005B8848 /* FilterCollectionViewCell.xib in Resources */ = {isa = PBXBuildFile; fileRef = BC8D3C4128E93A23005B8848 /* FilterCollectionViewCell.xib */; };
		BC8D3C4728E93DA7005B8848 /* MovieCollectionViewCell.swift in Sources */ = {isa = PBXBuildFile; fileRef = BC8D3C4528E93DA7005B8848 /* MovieCollectionViewCell.swift */; };
		BC8D3C4828E93DA7005B8848 /* MovieCollectionViewCell.xib in Resources */ = {isa = PBXBuildFile; fileRef = BC8D3C4628E93DA7005B8848 /* MovieCollectionViewCell.xib */; };
		BC8D3C4B28E94573005B8848 /* HomeProtocols.swift in Sources */ = {isa = PBXBuildFile; fileRef = BC8D3C4A28E94573005B8848 /* HomeProtocols.swift */; };
		BC8D3C4E28E9483A005B8848 /* DetailProtocols.swift in Sources */ = {isa = PBXBuildFile; fileRef = BC8D3C4D28E9483A005B8848 /* DetailProtocols.swift */; };
		BC8E38E228E7697100518679 /* AppDelegate.swift in Sources */ = {isa = PBXBuildFile; fileRef = BC8E38E128E7697100518679 /* AppDelegate.swift */; };
		BC8E38EB28E7697400518679 /* Assets.xcassets in Resources */ = {isa = PBXBuildFile; fileRef = BC8E38EA28E7697400518679 /* Assets.xcassets */; };
		BC8E38EE28E7697400518679 /* LaunchScreen.storyboard in Resources */ = {isa = PBXBuildFile; fileRef = BC8E38EC28E7697400518679 /* LaunchScreen.storyboard */; };
		BC8E38F928E7697500518679 /* MovieTMDBSwiftTests.swift in Sources */ = {isa = PBXBuildFile; fileRef = BC8E38F828E7697500518679 /* MovieTMDBSwiftTests.swift */; };
		BC8E390328E7697500518679 /* MovieTMDBSwiftUITests.swift in Sources */ = {isa = PBXBuildFile; fileRef = BC8E390228E7697500518679 /* MovieTMDBSwiftUITests.swift */; };
		BC8E390528E7697500518679 /* MovieTMDBSwiftUITestsLaunchTests.swift in Sources */ = {isa = PBXBuildFile; fileRef = BC8E390428E7697500518679 /* MovieTMDBSwiftUITestsLaunchTests.swift */; };
		BC8E391528E76BF300518679 /* HomeViewController.swift in Sources */ = {isa = PBXBuildFile; fileRef = BC8E391328E76BF300518679 /* HomeViewController.swift */; };
		BC8E391628E76BF300518679 /* HomeViewController.xib in Resources */ = {isa = PBXBuildFile; fileRef = BC8E391428E76BF300518679 /* HomeViewController.xib */; };
		BC8E391A28E76C1600518679 /* HomeViewModel.swift in Sources */ = {isa = PBXBuildFile; fileRef = BC8E391928E76C1600518679 /* HomeViewModel.swift */; };
		BC8E392028E76D4000518679 /* Coordinator.swift in Sources */ = {isa = PBXBuildFile; fileRef = BC8E391F28E76D4000518679 /* Coordinator.swift */; };
		BC8E392228E76D5800518679 /* MainCoordinator.swift in Sources */ = {isa = PBXBuildFile; fileRef = BC8E392128E76D5800518679 /* MainCoordinator.swift */; };
		BC8E392528E76DCB00518679 /* MainViewController.swift in Sources */ = {isa = PBXBuildFile; fileRef = BC8E392428E76DCB00518679 /* MainViewController.swift */; };
		BC8E392828E773F400518679 /* RxCocoa in Frameworks */ = {isa = PBXBuildFile; productRef = BC8E392728E773F400518679 /* RxCocoa */; };
		BC8E392A28E773F400518679 /* RxRelay in Frameworks */ = {isa = PBXBuildFile; productRef = BC8E392928E773F400518679 /* RxRelay */; };
		BC8E392C28E773F400518679 /* RxSwift in Frameworks */ = {isa = PBXBuildFile; productRef = BC8E392B28E773F400518679 /* RxSwift */; };
		BC8E392F28E774EC00518679 /* Reachability.swift in Sources */ = {isa = PBXBuildFile; fileRef = BC8E392E28E774EC00518679 /* Reachability.swift */; };
		BC8E393128E7750900518679 /* Alerts.swift in Sources */ = {isa = PBXBuildFile; fileRef = BC8E393028E7750900518679 /* Alerts.swift */; };
		BC8E393328E7762000518679 /* Loading.swift in Sources */ = {isa = PBXBuildFile; fileRef = BC8E393228E7762000518679 /* Loading.swift */; };
		BC8E393528E786A200518679 /* Constants.swift in Sources */ = {isa = PBXBuildFile; fileRef = BC8E393428E786A200518679 /* Constants.swift */; };
		BCBEB32C28EB975300B9AFD6 /* SeeMoreViewModel.swift in Sources */ = {isa = PBXBuildFile; fileRef = BCBEB32B28EB975300B9AFD6 /* SeeMoreViewModel.swift */; };
		BCBEB32F28EB976500B9AFD6 /* SeeMoreViewController.swift in Sources */ = {isa = PBXBuildFile; fileRef = BCBEB32D28EB976500B9AFD6 /* SeeMoreViewController.swift */; };
		BCBEB33028EB976500B9AFD6 /* SeeMoreViewController.xib in Resources */ = {isa = PBXBuildFile; fileRef = BCBEB32E28EB976500B9AFD6 /* SeeMoreViewController.xib */; };
		BCBEB33228EB977500B9AFD6 /* SeeMoreProtocols.swift in Sources */ = {isa = PBXBuildFile; fileRef = BCBEB33128EB977500B9AFD6 /* SeeMoreProtocols.swift */; };
		BCBEB33628EBB45300B9AFD6 /* SeeMoreTableViewCell.swift in Sources */ = {isa = PBXBuildFile; fileRef = BCBEB33428EBB45300B9AFD6 /* SeeMoreTableViewCell.swift */; };
		BCBEB33728EBB45300B9AFD6 /* SeeMoreTableViewCell.xib in Resources */ = {isa = PBXBuildFile; fileRef = BCBEB33528EBB45300B9AFD6 /* SeeMoreTableViewCell.xib */; };
		BCBEB33928EBC81200B9AFD6 /* Double+Extension.swift in Sources */ = {isa = PBXBuildFile; fileRef = BCBEB33828EBC81200B9AFD6 /* Double+Extension.swift */; };
		BCC2A1B028E7CE4E00DCDEBE /* Poppins-SemiBold.otf in Resources */ = {isa = PBXBuildFile; fileRef = BCC2A1A928E7CE4E00DCDEBE /* Poppins-SemiBold.otf */; };
		BCC2A1B128E7CE4E00DCDEBE /* Poppins-Medium.otf in Resources */ = {isa = PBXBuildFile; fileRef = BCC2A1AA28E7CE4E00DCDEBE /* Poppins-Medium.otf */; };
		BCC2A1B228E7CE4E00DCDEBE /* Poppins-Bold.otf in Resources */ = {isa = PBXBuildFile; fileRef = BCC2A1AB28E7CE4E00DCDEBE /* Poppins-Bold.otf */; };
		BCC2A1B328E7CE4E00DCDEBE /* Poppins-ExtraLight.otf in Resources */ = {isa = PBXBuildFile; fileRef = BCC2A1AC28E7CE4E00DCDEBE /* Poppins-ExtraLight.otf */; };
		BCC2A1B428E7CE4E00DCDEBE /* Poppins-Regular.otf in Resources */ = {isa = PBXBuildFile; fileRef = BCC2A1AD28E7CE4E00DCDEBE /* Poppins-Regular.otf */; };
		BCC2A1B528E7CE4E00DCDEBE /* Poppins-Thin.otf in Resources */ = {isa = PBXBuildFile; fileRef = BCC2A1AE28E7CE4E00DCDEBE /* Poppins-Thin.otf */; };
		BCC2A1B628E7CE4E00DCDEBE /* Poppins-Light.otf in Resources */ = {isa = PBXBuildFile; fileRef = BCC2A1AF28E7CE4E00DCDEBE /* Poppins-Light.otf */; };
		BCC2A1B928E7D0B000DCDEBE /* UINavigationItem+Extension.swift in Sources */ = {isa = PBXBuildFile; fileRef = BCC2A1B828E7D0B000DCDEBE /* UINavigationItem+Extension.swift */; };
		BCC2A1BB28E7D1C200DCDEBE /* UINavigationBar+Extension.swift in Sources */ = {isa = PBXBuildFile; fileRef = BCC2A1BA28E7D1C200DCDEBE /* UINavigationBar+Extension.swift */; };
		BCC2A1C428E7D82E00DCDEBE /* DetailViewController.swift in Sources */ = {isa = PBXBuildFile; fileRef = BCC2A1C228E7D82E00DCDEBE /* DetailViewController.swift */; };
		BCC2A1C528E7D82E00DCDEBE /* DetailViewController.xib in Resources */ = {isa = PBXBuildFile; fileRef = BCC2A1C328E7D82E00DCDEBE /* DetailViewController.xib */; };
		BCC2A1C728E7D83E00DCDEBE /* DetailViewModel.swift in Sources */ = {isa = PBXBuildFile; fileRef = BCC2A1C628E7D83E00DCDEBE /* DetailViewModel.swift */; };
		BCC2A1C928E7EAA400DCDEBE /* UIView+Extension.swift in Sources */ = {isa = PBXBuildFile; fileRef = BCC2A1C828E7EAA400DCDEBE /* UIView+Extension.swift */; };
		BCC2A1CC28E7EF5800DCDEBE /* SeeTrailerButton.swift in Sources */ = {isa = PBXBuildFile; fileRef = BCC2A1CB28E7EF5800DCDEBE /* SeeTrailerButton.swift */; };
		BCC2A1CE28E7EFBE00DCDEBE /* UIColor+Extension.swift in Sources */ = {isa = PBXBuildFile; fileRef = BCC2A1CD28E7EFBE00DCDEBE /* UIColor+Extension.swift */; };
		BCC3494B28EA88DF001B4F97 /* DataManager.swift in Sources */ = {isa = PBXBuildFile; fileRef = BCC3494A28EA88DF001B4F97 /* DataManager.swift */; };
		BCC3494D28EA8BAA001B4F97 /* TrendsRequest.swift in Sources */ = {isa = PBXBuildFile; fileRef = BCC3494C28EA8BAA001B4F97 /* TrendsRequest.swift */; };
		BCC3495428EAA106001B4F97 /* SeeTrailerRequest.swift in Sources */ = {isa = PBXBuildFile; fileRef = BCC3495328EAA106001B4F97 /* SeeTrailerRequest.swift */; };
		BCF1689528E9606B00C4C24D /* Requests.swift in Sources */ = {isa = PBXBuildFile; fileRef = BCF1689428E9606B00C4C24D /* Requests.swift */; };
		BCF1689728E960D300C4C24D /* NewRelesesRequest.swift in Sources */ = {isa = PBXBuildFile; fileRef = BCF1689628E960D300C4C24D /* NewRelesesRequest.swift */; };
		BCF1689A28E96C0400C4C24D /* Kingfisher in Frameworks */ = {isa = PBXBuildFile; productRef = BCF1689928E96C0400C4C24D /* Kingfisher */; };
		BCF1689F28E97AA800C4C24D /* DetailMovieRequest.swift in Sources */ = {isa = PBXBuildFile; fileRef = BCF1689E28E97AA800C4C24D /* DetailMovieRequest.swift */; };
		BCF168A128E9829000C4C24D /* UIImageView+Extension.swift in Sources */ = {isa = PBXBuildFile; fileRef = BCF168A028E9829000C4C24D /* UIImageView+Extension.swift */; };
/* End PBXBuildFile section */

/* Begin PBXContainerItemProxy section */
		BC8E38F528E7697500518679 /* PBXContainerItemProxy */ = {
			isa = PBXContainerItemProxy;
			containerPortal = BC8E38D628E7697100518679 /* Project object */;
			proxyType = 1;
			remoteGlobalIDString = BC8E38DD28E7697100518679;
			remoteInfo = MovieTMDBSwift;
		};
		BC8E38FF28E7697500518679 /* PBXContainerItemProxy */ = {
			isa = PBXContainerItemProxy;
			containerPortal = BC8E38D628E7697100518679 /* Project object */;
			proxyType = 1;
			remoteGlobalIDString = BC8E38DD28E7697100518679;
			remoteInfo = MovieTMDBSwift;
		};
/* End PBXContainerItemProxy section */

/* Begin PBXFileReference section */
		BC8D3C2528E93934005B8848 /* Movies.swift */ = {isa = PBXFileReference; lastKnownFileType = sourcecode.swift; path = Movies.swift; sourceTree = "<group>"; };
		BC8D3C2B28E9395C005B8848 /* FilterMovies.swift */ = {isa = PBXFileReference; lastKnownFileType = sourcecode.swift; path = FilterMovies.swift; sourceTree = "<group>"; };
		BC8D3C4028E93A23005B8848 /* FilterCollectionViewCell.swift */ = {isa = PBXFileReference; lastKnownFileType = sourcecode.swift; path = FilterCollectionViewCell.swift; sourceTree = "<group>"; };
		BC8D3C4128E93A23005B8848 /* FilterCollectionViewCell.xib */ = {isa = PBXFileReference; lastKnownFileType = file.xib; path = FilterCollectionViewCell.xib; sourceTree = "<group>"; };
		BC8D3C4528E93DA7005B8848 /* MovieCollectionViewCell.swift */ = {isa = PBXFileReference; lastKnownFileType = sourcecode.swift; path = MovieCollectionViewCell.swift; sourceTree = "<group>"; };
		BC8D3C4628E93DA7005B8848 /* MovieCollectionViewCell.xib */ = {isa = PBXFileReference; lastKnownFileType = file.xib; path = MovieCollectionViewCell.xib; sourceTree = "<group>"; };
		BC8D3C4A28E94573005B8848 /* HomeProtocols.swift */ = {isa = PBXFileReference; lastKnownFileType = sourcecode.swift; path = HomeProtocols.swift; sourceTree = "<group>"; };
		BC8D3C4D28E9483A005B8848 /* DetailProtocols.swift */ = {isa = PBXFileReference; lastKnownFileType = sourcecode.swift; path = DetailProtocols.swift; sourceTree = "<group>"; };
		BC8E38DE28E7697100518679 /* MovieTMDBSwift.app */ = {isa = PBXFileReference; explicitFileType = wrapper.application; includeInIndex = 0; path = MovieTMDBSwift.app; sourceTree = BUILT_PRODUCTS_DIR; };
		BC8E38E128E7697100518679 /* AppDelegate.swift */ = {isa = PBXFileReference; lastKnownFileType = sourcecode.swift; path = AppDelegate.swift; sourceTree = "<group>"; };
		BC8E38EA28E7697400518679 /* Assets.xcassets */ = {isa = PBXFileReference; lastKnownFileType = folder.assetcatalog; path = Assets.xcassets; sourceTree = "<group>"; };
		BC8E38ED28E7697400518679 /* Base */ = {isa = PBXFileReference; lastKnownFileType = file.storyboard; name = Base; path = Base.lproj/LaunchScreen.storyboard; sourceTree = "<group>"; };
		BC8E38EF28E7697400518679 /* Info.plist */ = {isa = PBXFileReference; lastKnownFileType = text.plist.xml; path = Info.plist; sourceTree = "<group>"; };
		BC8E38F428E7697500518679 /* MovieTMDBSwiftTests.xctest */ = {isa = PBXFileReference; explicitFileType = wrapper.cfbundle; includeInIndex = 0; path = MovieTMDBSwiftTests.xctest; sourceTree = BUILT_PRODUCTS_DIR; };
		BC8E38F828E7697500518679 /* MovieTMDBSwiftTests.swift */ = {isa = PBXFileReference; lastKnownFileType = sourcecode.swift; path = MovieTMDBSwiftTests.swift; sourceTree = "<group>"; };
		BC8E38FE28E7697500518679 /* MovieTMDBSwiftUITests.xctest */ = {isa = PBXFileReference; explicitFileType = wrapper.cfbundle; includeInIndex = 0; path = MovieTMDBSwiftUITests.xctest; sourceTree = BUILT_PRODUCTS_DIR; };
		BC8E390228E7697500518679 /* MovieTMDBSwiftUITests.swift */ = {isa = PBXFileReference; lastKnownFileType = sourcecode.swift; path = MovieTMDBSwiftUITests.swift; sourceTree = "<group>"; };
		BC8E390428E7697500518679 /* MovieTMDBSwiftUITestsLaunchTests.swift */ = {isa = PBXFileReference; lastKnownFileType = sourcecode.swift; path = MovieTMDBSwiftUITestsLaunchTests.swift; sourceTree = "<group>"; };
		BC8E391328E76BF300518679 /* HomeViewController.swift */ = {isa = PBXFileReference; lastKnownFileType = sourcecode.swift; path = HomeViewController.swift; sourceTree = "<group>"; };
		BC8E391428E76BF300518679 /* HomeViewController.xib */ = {isa = PBXFileReference; lastKnownFileType = file.xib; path = HomeViewController.xib; sourceTree = "<group>"; };
		BC8E391928E76C1600518679 /* HomeViewModel.swift */ = {isa = PBXFileReference; lastKnownFileType = sourcecode.swift; path = HomeViewModel.swift; sourceTree = "<group>"; };
		BC8E391F28E76D4000518679 /* Coordinator.swift */ = {isa = PBXFileReference; lastKnownFileType = sourcecode.swift; path = Coordinator.swift; sourceTree = "<group>"; };
		BC8E392128E76D5800518679 /* MainCoordinator.swift */ = {isa = PBXFileReference; lastKnownFileType = sourcecode.swift; path = MainCoordinator.swift; sourceTree = "<group>"; };
		BC8E392428E76DCB00518679 /* MainViewController.swift */ = {isa = PBXFileReference; lastKnownFileType = sourcecode.swift; path = MainViewController.swift; sourceTree = "<group>"; };
		BC8E392E28E774EC00518679 /* Reachability.swift */ = {isa = PBXFileReference; lastKnownFileType = sourcecode.swift; path = Reachability.swift; sourceTree = "<group>"; };
		BC8E393028E7750900518679 /* Alerts.swift */ = {isa = PBXFileReference; lastKnownFileType = sourcecode.swift; path = Alerts.swift; sourceTree = "<group>"; };
		BC8E393228E7762000518679 /* Loading.swift */ = {isa = PBXFileReference; lastKnownFileType = sourcecode.swift; path = Loading.swift; sourceTree = "<group>"; };
		BC8E393428E786A200518679 /* Constants.swift */ = {isa = PBXFileReference; lastKnownFileType = sourcecode.swift; path = Constants.swift; sourceTree = "<group>"; };
		BCBEB32B28EB975300B9AFD6 /* SeeMoreViewModel.swift */ = {isa = PBXFileReference; lastKnownFileType = sourcecode.swift; path = SeeMoreViewModel.swift; sourceTree = "<group>"; };
		BCBEB32D28EB976500B9AFD6 /* SeeMoreViewController.swift */ = {isa = PBXFileReference; lastKnownFileType = sourcecode.swift; path = SeeMoreViewController.swift; sourceTree = "<group>"; };
		BCBEB32E28EB976500B9AFD6 /* SeeMoreViewController.xib */ = {isa = PBXFileReference; lastKnownFileType = file.xib; path = SeeMoreViewController.xib; sourceTree = "<group>"; };
		BCBEB33128EB977500B9AFD6 /* SeeMoreProtocols.swift */ = {isa = PBXFileReference; lastKnownFileType = sourcecode.swift; path = SeeMoreProtocols.swift; sourceTree = "<group>"; };
		BCBEB33428EBB45300B9AFD6 /* SeeMoreTableViewCell.swift */ = {isa = PBXFileReference; lastKnownFileType = sourcecode.swift; path = SeeMoreTableViewCell.swift; sourceTree = "<group>"; };
		BCBEB33528EBB45300B9AFD6 /* SeeMoreTableViewCell.xib */ = {isa = PBXFileReference; lastKnownFileType = file.xib; path = SeeMoreTableViewCell.xib; sourceTree = "<group>"; };
		BCBEB33828EBC81200B9AFD6 /* Double+Extension.swift */ = {isa = PBXFileReference; lastKnownFileType = sourcecode.swift; path = "Double+Extension.swift"; sourceTree = "<group>"; };
		BCC2A1A928E7CE4E00DCDEBE /* Poppins-SemiBold.otf */ = {isa = PBXFileReference; lastKnownFileType = file; path = "Poppins-SemiBold.otf"; sourceTree = "<group>"; };
		BCC2A1AA28E7CE4E00DCDEBE /* Poppins-Medium.otf */ = {isa = PBXFileReference; lastKnownFileType = file; path = "Poppins-Medium.otf"; sourceTree = "<group>"; };
		BCC2A1AB28E7CE4E00DCDEBE /* Poppins-Bold.otf */ = {isa = PBXFileReference; lastKnownFileType = file; path = "Poppins-Bold.otf"; sourceTree = "<group>"; };
		BCC2A1AC28E7CE4E00DCDEBE /* Poppins-ExtraLight.otf */ = {isa = PBXFileReference; lastKnownFileType = file; path = "Poppins-ExtraLight.otf"; sourceTree = "<group>"; };
		BCC2A1AD28E7CE4E00DCDEBE /* Poppins-Regular.otf */ = {isa = PBXFileReference; lastKnownFileType = file; path = "Poppins-Regular.otf"; sourceTree = "<group>"; };
		BCC2A1AE28E7CE4E00DCDEBE /* Poppins-Thin.otf */ = {isa = PBXFileReference; lastKnownFileType = file; path = "Poppins-Thin.otf"; sourceTree = "<group>"; };
		BCC2A1AF28E7CE4E00DCDEBE /* Poppins-Light.otf */ = {isa = PBXFileReference; lastKnownFileType = file; path = "Poppins-Light.otf"; sourceTree = "<group>"; };
		BCC2A1B828E7D0B000DCDEBE /* UINavigationItem+Extension.swift */ = {isa = PBXFileReference; lastKnownFileType = sourcecode.swift; path = "UINavigationItem+Extension.swift"; sourceTree = "<group>"; };
		BCC2A1BA28E7D1C200DCDEBE /* UINavigationBar+Extension.swift */ = {isa = PBXFileReference; lastKnownFileType = sourcecode.swift; path = "UINavigationBar+Extension.swift"; sourceTree = "<group>"; };
		BCC2A1C228E7D82E00DCDEBE /* DetailViewController.swift */ = {isa = PBXFileReference; lastKnownFileType = sourcecode.swift; path = DetailViewController.swift; sourceTree = "<group>"; };
		BCC2A1C328E7D82E00DCDEBE /* DetailViewController.xib */ = {isa = PBXFileReference; lastKnownFileType = file.xib; path = DetailViewController.xib; sourceTree = "<group>"; };
		BCC2A1C628E7D83E00DCDEBE /* DetailViewModel.swift */ = {isa = PBXFileReference; lastKnownFileType = sourcecode.swift; path = DetailViewModel.swift; sourceTree = "<group>"; };
		BCC2A1C828E7EAA400DCDEBE /* UIView+Extension.swift */ = {isa = PBXFileReference; lastKnownFileType = sourcecode.swift; path = "UIView+Extension.swift"; sourceTree = "<group>"; };
		BCC2A1CB28E7EF5800DCDEBE /* SeeTrailerButton.swift */ = {isa = PBXFileReference; lastKnownFileType = sourcecode.swift; path = SeeTrailerButton.swift; sourceTree = "<group>"; };
		BCC2A1CD28E7EFBE00DCDEBE /* UIColor+Extension.swift */ = {isa = PBXFileReference; lastKnownFileType = sourcecode.swift; path = "UIColor+Extension.swift"; sourceTree = "<group>"; };
		BCC3494A28EA88DF001B4F97 /* DataManager.swift */ = {isa = PBXFileReference; lastKnownFileType = sourcecode.swift; path = DataManager.swift; sourceTree = "<group>"; };
		BCC3494C28EA8BAA001B4F97 /* TrendsRequest.swift */ = {isa = PBXFileReference; lastKnownFileType = sourcecode.swift; path = TrendsRequest.swift; sourceTree = "<group>"; };
		BCC3495328EAA106001B4F97 /* SeeTrailerRequest.swift */ = {isa = PBXFileReference; lastKnownFileType = sourcecode.swift; path = SeeTrailerRequest.swift; sourceTree = "<group>"; };
		BCF1689428E9606B00C4C24D /* Requests.swift */ = {isa = PBXFileReference; lastKnownFileType = sourcecode.swift; path = Requests.swift; sourceTree = "<group>"; };
		BCF1689628E960D300C4C24D /* NewRelesesRequest.swift */ = {isa = PBXFileReference; lastKnownFileType = sourcecode.swift; path = NewRelesesRequest.swift; sourceTree = "<group>"; };
		BCF1689E28E97AA800C4C24D /* DetailMovieRequest.swift */ = {isa = PBXFileReference; lastKnownFileType = sourcecode.swift; path = DetailMovieRequest.swift; sourceTree = "<group>"; };
		BCF168A028E9829000C4C24D /* UIImageView+Extension.swift */ = {isa = PBXFileReference; lastKnownFileType = sourcecode.swift; path = "UIImageView+Extension.swift"; sourceTree = "<group>"; };
/* End PBXFileReference section */

/* Begin PBXFrameworksBuildPhase section */
		BC8E38DB28E7697100518679 /* Frameworks */ = {
			isa = PBXFrameworksBuildPhase;
			buildActionMask = 2147483647;
			files = (
				BCF1689A28E96C0400C4C24D /* Kingfisher in Frameworks */,
				BC8E392C28E773F400518679 /* RxSwift in Frameworks */,
				BC8E392A28E773F400518679 /* RxRelay in Frameworks */,
				BC8E392828E773F400518679 /* RxCocoa in Frameworks */,
			);
			runOnlyForDeploymentPostprocessing = 0;
		};
		BC8E38F128E7697500518679 /* Frameworks */ = {
			isa = PBXFrameworksBuildPhase;
			buildActionMask = 2147483647;
			files = (
			);
			runOnlyForDeploymentPostprocessing = 0;
		};
		BC8E38FB28E7697500518679 /* Frameworks */ = {
			isa = PBXFrameworksBuildPhase;
			buildActionMask = 2147483647;
			files = (
			);
			runOnlyForDeploymentPostprocessing = 0;
		};
/* End PBXFrameworksBuildPhase section */

/* Begin PBXGroup section */
		BC8D3C2328E938E3005B8848 /* Launch */ = {
			isa = PBXGroup;
			children = (
				BC8E38EC28E7697400518679 /* LaunchScreen.storyboard */,
			);
			path = Launch;
			sourceTree = "<group>";
		};
		BC8D3C2428E93925005B8848 /* Model */ = {
			isa = PBXGroup;
			children = (
				BC8D3C2528E93934005B8848 /* Movies.swift */,
				BC8D3C2B28E9395C005B8848 /* FilterMovies.swift */,
			);
			path = Model;
			sourceTree = "<group>";
		};
		BC8D3C2D28E93989005B8848 /* Cells */ = {
			isa = PBXGroup;
			children = (
				BC8D3C4428E93D96005B8848 /* MovieCell */,
				BC8D3C3528E939D2005B8848 /* FilterCell */,
			);
			path = Cells;
			sourceTree = "<group>";
		};
		BC8D3C3528E939D2005B8848 /* FilterCell */ = {
			isa = PBXGroup;
			children = (
				BC8D3C4028E93A23005B8848 /* FilterCollectionViewCell.swift */,
				BC8D3C4128E93A23005B8848 /* FilterCollectionViewCell.xib */,
			);
			path = FilterCell;
			sourceTree = "<group>";
		};
		BC8D3C4428E93D96005B8848 /* MovieCell */ = {
			isa = PBXGroup;
			children = (
				BC8D3C4528E93DA7005B8848 /* MovieCollectionViewCell.swift */,
				BC8D3C4628E93DA7005B8848 /* MovieCollectionViewCell.xib */,
			);
			path = MovieCell;
			sourceTree = "<group>";
		};
		BC8D3C4928E9456A005B8848 /* Protocols */ = {
			isa = PBXGroup;
			children = (
				BC8D3C4A28E94573005B8848 /* HomeProtocols.swift */,
			);
			path = Protocols;
			sourceTree = "<group>";
		};
		BC8D3C4C28E94830005B8848 /* Protocols */ = {
			isa = PBXGroup;
			children = (
				BC8D3C4D28E9483A005B8848 /* DetailProtocols.swift */,
			);
			path = Protocols;
			sourceTree = "<group>";
		};
		BC8E38D528E7697100518679 = {
			isa = PBXGroup;
			children = (
				BC8E38E028E7697100518679 /* MovieTMDBSwift */,
				BC8E38F728E7697500518679 /* MovieTMDBSwiftTests */,
				BC8E390128E7697500518679 /* MovieTMDBSwiftUITests */,
				BC8E38DF28E7697100518679 /* Products */,
			);
			sourceTree = "<group>";
		};
		BC8E38DF28E7697100518679 /* Products */ = {
			isa = PBXGroup;
			children = (
				BC8E38DE28E7697100518679 /* MovieTMDBSwift.app */,
				BC8E38F428E7697500518679 /* MovieTMDBSwiftTests.xctest */,
				BC8E38FE28E7697500518679 /* MovieTMDBSwiftUITests.xctest */,
			);
			name = Products;
			sourceTree = "<group>";
		};
		BC8E38E028E7697100518679 /* MovieTMDBSwift */ = {
			isa = PBXGroup;
			children = (
				BC8E38E128E7697100518679 /* AppDelegate.swift */,
				BC8E392D28E774DA00518679 /* Utils */,
				BC8E391E28E76D2C00518679 /* Coordinator */,
				BC8E391B28E76C2D00518679 /* Services */,
				BC8E392328E76DBD00518679 /* Main */,
				BC8D3C2328E938E3005B8848 /* Launch */,
				BC8E391128E769C200518679 /* Home */,
				BCC3495228EA9B0D001B4F97 /* SeeMore */,
				BC8E391228E769CB00518679 /* Detail */,
				BCC2A1A828E7CE3D00DCDEBE /* Resources */,
				BC8E38EF28E7697400518679 /* Info.plist */,
			);
			path = MovieTMDBSwift;
			sourceTree = "<group>";
		};
		BC8E38F728E7697500518679 /* MovieTMDBSwiftTests */ = {
			isa = PBXGroup;
			children = (
				BC8E38F828E7697500518679 /* MovieTMDBSwiftTests.swift */,
			);
			path = MovieTMDBSwiftTests;
			sourceTree = "<group>";
		};
		BC8E390128E7697500518679 /* MovieTMDBSwiftUITests */ = {
			isa = PBXGroup;
			children = (
				BC8E390228E7697500518679 /* MovieTMDBSwiftUITests.swift */,
				BC8E390428E7697500518679 /* MovieTMDBSwiftUITestsLaunchTests.swift */,
			);
			path = MovieTMDBSwiftUITests;
			sourceTree = "<group>";
		};
		BC8E391128E769C200518679 /* Home */ = {
			isa = PBXGroup;
			children = (
				BC8D3C4928E9456A005B8848 /* Protocols */,
				BC8D3C2428E93925005B8848 /* Model */,
				BC8E391728E76BF800518679 /* View */,
				BC8E391828E76C0500518679 /* ViewModel */,
			);
			path = Home;
			sourceTree = "<group>";
		};
		BC8E391228E769CB00518679 /* Detail */ = {
			isa = PBXGroup;
			children = (
				BC8D3C4C28E94830005B8848 /* Protocols */,
				BCC2A1C128E7D82200DCDEBE /* View */,
				BCC2A1C028E7D81200DCDEBE /* ViewModel */,
			);
			path = Detail;
			sourceTree = "<group>";
		};
		BC8E391728E76BF800518679 /* View */ = {
			isa = PBXGroup;
			children = (
				BC8D3C2D28E93989005B8848 /* Cells */,
				BC8E391328E76BF300518679 /* HomeViewController.swift */,
				BC8E391428E76BF300518679 /* HomeViewController.xib */,
			);
			path = View;
			sourceTree = "<group>";
		};
		BC8E391828E76C0500518679 /* ViewModel */ = {
			isa = PBXGroup;
			children = (
				BC8E391928E76C1600518679 /* HomeViewModel.swift */,
			);
			path = ViewModel;
			sourceTree = "<group>";
		};
		BC8E391B28E76C2D00518679 /* Services */ = {
			isa = PBXGroup;
			children = (
				BCC3494928EA88D3001B4F97 /* DataManager */,
				BCC3494828EA88CD001B4F97 /* Requests */,
			);
			path = Services;
			sourceTree = "<group>";
		};
		BC8E391E28E76D2C00518679 /* Coordinator */ = {
			isa = PBXGroup;
			children = (
				BC8E391F28E76D4000518679 /* Coordinator.swift */,
				BC8E392128E76D5800518679 /* MainCoordinator.swift */,
			);
			path = Coordinator;
			sourceTree = "<group>";
		};
		BC8E392328E76DBD00518679 /* Main */ = {
			isa = PBXGroup;
			children = (
				BC8E392428E76DCB00518679 /* MainViewController.swift */,
			);
			path = Main;
			sourceTree = "<group>";
		};
		BC8E392D28E774DA00518679 /* Utils */ = {
			isa = PBXGroup;
			children = (
				BCC2A1B728E7D09600DCDEBE /* Extensions */,
				BC8E392E28E774EC00518679 /* Reachability.swift */,
				BC8E393028E7750900518679 /* Alerts.swift */,
				BC8E393228E7762000518679 /* Loading.swift */,
				BC8E393428E786A200518679 /* Constants.swift */,
			);
			path = Utils;
			sourceTree = "<group>";
		};
		BCBEB32828EB972D00B9AFD6 /* ViewModel */ = {
			isa = PBXGroup;
			children = (
				BCBEB32B28EB975300B9AFD6 /* SeeMoreViewModel.swift */,
			);
			path = ViewModel;
			sourceTree = "<group>";
		};
		BCBEB32928EB973200B9AFD6 /* View */ = {
			isa = PBXGroup;
			children = (
				BCBEB33328EBB43F00B9AFD6 /* Cell */,
				BCBEB32D28EB976500B9AFD6 /* SeeMoreViewController.swift */,
				BCBEB32E28EB976500B9AFD6 /* SeeMoreViewController.xib */,
			);
			path = View;
			sourceTree = "<group>";
		};
		BCBEB32A28EB973600B9AFD6 /* Protocols */ = {
			isa = PBXGroup;
			children = (
				BCBEB33128EB977500B9AFD6 /* SeeMoreProtocols.swift */,
			);
			path = Protocols;
			sourceTree = "<group>";
		};
		BCBEB33328EBB43F00B9AFD6 /* Cell */ = {
			isa = PBXGroup;
			children = (
				BCBEB33428EBB45300B9AFD6 /* SeeMoreTableViewCell.swift */,
				BCBEB33528EBB45300B9AFD6 /* SeeMoreTableViewCell.xib */,
			);
			path = Cell;
			sourceTree = "<group>";
		};
		BCC2A1A728E7CE3400DCDEBE /* Font */ = {
			isa = PBXGroup;
			children = (
				BCC2A1AB28E7CE4E00DCDEBE /* Poppins-Bold.otf */,
				BCC2A1AC28E7CE4E00DCDEBE /* Poppins-ExtraLight.otf */,
				BCC2A1AF28E7CE4E00DCDEBE /* Poppins-Light.otf */,
				BCC2A1AA28E7CE4E00DCDEBE /* Poppins-Medium.otf */,
				BCC2A1AD28E7CE4E00DCDEBE /* Poppins-Regular.otf */,
				BCC2A1A928E7CE4E00DCDEBE /* Poppins-SemiBold.otf */,
				BCC2A1AE28E7CE4E00DCDEBE /* Poppins-Thin.otf */,
			);
			name = Font;
			sourceTree = "<group>";
		};
		BCC2A1A828E7CE3D00DCDEBE /* Resources */ = {
			isa = PBXGroup;
			children = (
				BCC2A1A728E7CE3400DCDEBE /* Font */,
				BCC2A1CA28E7EF2F00DCDEBE /* CustomButton */,
				BC8E38EA28E7697400518679 /* Assets.xcassets */,
			);
			name = Resources;
			path = Font;
			sourceTree = "<group>";
		};
		BCC2A1B728E7D09600DCDEBE /* Extensions */ = {
			isa = PBXGroup;
			children = (
				BCC2A1B828E7D0B000DCDEBE /* UINavigationItem+Extension.swift */,
				BCC2A1C828E7EAA400DCDEBE /* UIView+Extension.swift */,
				BCC2A1BA28E7D1C200DCDEBE /* UINavigationBar+Extension.swift */,
				BCC2A1CD28E7EFBE00DCDEBE /* UIColor+Extension.swift */,
				BCF168A028E9829000C4C24D /* UIImageView+Extension.swift */,
				BCBEB33828EBC81200B9AFD6 /* Double+Extension.swift */,
			);
			path = Extensions;
			sourceTree = "<group>";
		};
		BCC2A1C028E7D81200DCDEBE /* ViewModel */ = {
			isa = PBXGroup;
			children = (
				BCC2A1C628E7D83E00DCDEBE /* DetailViewModel.swift */,
			);
			path = ViewModel;
			sourceTree = "<group>";
		};
		BCC2A1C128E7D82200DCDEBE /* View */ = {
			isa = PBXGroup;
			children = (
				BCC2A1C228E7D82E00DCDEBE /* DetailViewController.swift */,
				BCC2A1C328E7D82E00DCDEBE /* DetailViewController.xib */,
			);
			path = View;
			sourceTree = "<group>";
		};
		BCC2A1CA28E7EF2F00DCDEBE /* CustomButton */ = {
			isa = PBXGroup;
			children = (
				BCC2A1CB28E7EF5800DCDEBE /* SeeTrailerButton.swift */,
			);
			name = CustomButton;
			sourceTree = "<group>";
		};
		BCC3494828EA88CD001B4F97 /* Requests */ = {
			isa = PBXGroup;
			children = (
				BCF1689B28E97A2E00C4C24D /* Protocol */,
				BCF1689C28E97A3700C4C24D /* Requests */,
			);
			path = Requests;
			sourceTree = "<group>";
		};
		BCC3494928EA88D3001B4F97 /* DataManager */ = {
			isa = PBXGroup;
			children = (
				BCC3494A28EA88DF001B4F97 /* DataManager.swift */,
			);
			path = DataManager;
			sourceTree = "<group>";
		};
		BCC3495228EA9B0D001B4F97 /* SeeMore */ = {
			isa = PBXGroup;
			children = (
				BCBEB32A28EB973600B9AFD6 /* Protocols */,
				BCBEB32928EB973200B9AFD6 /* View */,
				BCBEB32828EB972D00B9AFD6 /* ViewModel */,
			);
			path = SeeMore;
			sourceTree = "<group>";
		};
		BCF1689B28E97A2E00C4C24D /* Protocol */ = {
			isa = PBXGroup;
			children = (
				BCF1689428E9606B00C4C24D /* Requests.swift */,
			);
			path = Protocol;
			sourceTree = "<group>";
		};
		BCF1689C28E97A3700C4C24D /* Requests */ = {
			isa = PBXGroup;
			children = (
				BCF1689628E960D300C4C24D /* NewRelesesRequest.swift */,
				BCC3494C28EA8BAA001B4F97 /* TrendsRequest.swift */,
				BCF1689E28E97AA800C4C24D /* DetailMovieRequest.swift */,
				BCC3495328EAA106001B4F97 /* SeeTrailerRequest.swift */,
			);
			path = Requests;
			sourceTree = "<group>";
		};
/* End PBXGroup section */

/* Begin PBXNativeTarget section */
		BC8E38DD28E7697100518679 /* MovieTMDBSwift */ = {
			isa = PBXNativeTarget;
			buildConfigurationList = BC8E390828E7697500518679 /* Build configuration list for PBXNativeTarget "MovieTMDBSwift" */;
			buildPhases = (
				BC8E38DA28E7697100518679 /* Sources */,
				BC8E38DB28E7697100518679 /* Frameworks */,
				BC8E38DC28E7697100518679 /* Resources */,
			);
			buildRules = (
			);
			dependencies = (
			);
			name = MovieTMDBSwift;
			packageProductDependencies = (
				BC8E392728E773F400518679 /* RxCocoa */,
				BC8E392928E773F400518679 /* RxRelay */,
				BC8E392B28E773F400518679 /* RxSwift */,
				BCF1689928E96C0400C4C24D /* Kingfisher */,
			);
			productName = MovieTMDBSwift;
			productReference = BC8E38DE28E7697100518679 /* MovieTMDBSwift.app */;
			productType = "com.apple.product-type.application";
		};
		BC8E38F328E7697500518679 /* MovieTMDBSwiftTests */ = {
			isa = PBXNativeTarget;
			buildConfigurationList = BC8E390B28E7697500518679 /* Build configuration list for PBXNativeTarget "MovieTMDBSwiftTests" */;
			buildPhases = (
				BC8E38F028E7697500518679 /* Sources */,
				BC8E38F128E7697500518679 /* Frameworks */,
				BC8E38F228E7697500518679 /* Resources */,
			);
			buildRules = (
			);
			dependencies = (
				BC8E38F628E7697500518679 /* PBXTargetDependency */,
			);
			name = MovieTMDBSwiftTests;
			productName = MovieTMDBSwiftTests;
			productReference = BC8E38F428E7697500518679 /* MovieTMDBSwiftTests.xctest */;
			productType = "com.apple.product-type.bundle.unit-test";
		};
		BC8E38FD28E7697500518679 /* MovieTMDBSwiftUITests */ = {
			isa = PBXNativeTarget;
			buildConfigurationList = BC8E390E28E7697500518679 /* Build configuration list for PBXNativeTarget "MovieTMDBSwiftUITests" */;
			buildPhases = (
				BC8E38FA28E7697500518679 /* Sources */,
				BC8E38FB28E7697500518679 /* Frameworks */,
				BC8E38FC28E7697500518679 /* Resources */,
			);
			buildRules = (
			);
			dependencies = (
				BC8E390028E7697500518679 /* PBXTargetDependency */,
			);
			name = MovieTMDBSwiftUITests;
			productName = MovieTMDBSwiftUITests;
			productReference = BC8E38FE28E7697500518679 /* MovieTMDBSwiftUITests.xctest */;
			productType = "com.apple.product-type.bundle.ui-testing";
		};
/* End PBXNativeTarget section */

/* Begin PBXProject section */
		BC8E38D628E7697100518679 /* Project object */ = {
			isa = PBXProject;
			attributes = {
				BuildIndependentTargetsInParallel = 1;
				LastSwiftUpdateCheck = 1400;
				LastUpgradeCheck = 1400;
				TargetAttributes = {
					BC8E38DD28E7697100518679 = {
						CreatedOnToolsVersion = 14.0;
					};
					BC8E38F328E7697500518679 = {
						CreatedOnToolsVersion = 14.0;
						TestTargetID = BC8E38DD28E7697100518679;
					};
					BC8E38FD28E7697500518679 = {
						CreatedOnToolsVersion = 14.0;
						TestTargetID = BC8E38DD28E7697100518679;
					};
				};
			};
			buildConfigurationList = BC8E38D928E7697100518679 /* Build configuration list for PBXProject "MovieTMDBSwift" */;
			compatibilityVersion = "Xcode 14.0";
			developmentRegion = en;
			hasScannedForEncodings = 0;
			knownRegions = (
				en,
				Base,
			);
			mainGroup = BC8E38D528E7697100518679;
			packageReferences = (
				BC8E392628E773F400518679 /* XCRemoteSwiftPackageReference "RxSwift" */,
				BCF1689828E96C0300C4C24D /* XCRemoteSwiftPackageReference "Kingfisher" */,
			);
			productRefGroup = BC8E38DF28E7697100518679 /* Products */;
			projectDirPath = "";
			projectRoot = "";
			targets = (
				BC8E38DD28E7697100518679 /* MovieTMDBSwift */,
				BC8E38F328E7697500518679 /* MovieTMDBSwiftTests */,
				BC8E38FD28E7697500518679 /* MovieTMDBSwiftUITests */,
			);
		};
/* End PBXProject section */

/* Begin PBXResourcesBuildPhase section */
		BC8E38DC28E7697100518679 /* Resources */ = {
			isa = PBXResourcesBuildPhase;
			buildActionMask = 2147483647;
			files = (
				BC8D3C4328E93A23005B8848 /* FilterCollectionViewCell.xib in Resources */,
				BCC2A1B228E7CE4E00DCDEBE /* Poppins-Bold.otf in Resources */,
				BCC2A1B028E7CE4E00DCDEBE /* Poppins-SemiBold.otf in Resources */,
				BCBEB33728EBB45300B9AFD6 /* SeeMoreTableViewCell.xib in Resources */,
				BCC2A1B528E7CE4E00DCDEBE /* Poppins-Thin.otf in Resources */,
				BCC2A1B428E7CE4E00DCDEBE /* Poppins-Regular.otf in Resources */,
				BCBEB33028EB976500B9AFD6 /* SeeMoreViewController.xib in Resources */,
				BC8D3C4828E93DA7005B8848 /* MovieCollectionViewCell.xib in Resources */,
				BCC2A1C528E7D82E00DCDEBE /* DetailViewController.xib in Resources */,
				BCC2A1B328E7CE4E00DCDEBE /* Poppins-ExtraLight.otf in Resources */,
				BC8E38EE28E7697400518679 /* LaunchScreen.storyboard in Resources */,
				BCC2A1B628E7CE4E00DCDEBE /* Poppins-Light.otf in Resources */,
				BC8E38EB28E7697400518679 /* Assets.xcassets in Resources */,
				BC8E391628E76BF300518679 /* HomeViewController.xib in Resources */,
				BCC2A1B128E7CE4E00DCDEBE /* Poppins-Medium.otf in Resources */,
			);
			runOnlyForDeploymentPostprocessing = 0;
		};
		BC8E38F228E7697500518679 /* Resources */ = {
			isa = PBXResourcesBuildPhase;
			buildActionMask = 2147483647;
			files = (
			);
			runOnlyForDeploymentPostprocessing = 0;
		};
		BC8E38FC28E7697500518679 /* Resources */ = {
			isa = PBXResourcesBuildPhase;
			buildActionMask = 2147483647;
			files = (
			);
			runOnlyForDeploymentPostprocessing = 0;
		};
/* End PBXResourcesBuildPhase section */

/* Begin PBXSourcesBuildPhase section */
		BC8E38DA28E7697100518679 /* Sources */ = {
			isa = PBXSourcesBuildPhase;
			buildActionMask = 2147483647;
			files = (
				BCF1689728E960D300C4C24D /* NewRelesesRequest.swift in Sources */,
				BC8E392528E76DCB00518679 /* MainViewController.swift in Sources */,
				BC8D3C2C28E9395C005B8848 /* FilterMovies.swift in Sources */,
				BCBEB33228EB977500B9AFD6 /* SeeMoreProtocols.swift in Sources */,
				BC8E393528E786A200518679 /* Constants.swift in Sources */,
				BCC2A1C928E7EAA400DCDEBE /* UIView+Extension.swift in Sources */,
				BCBEB32F28EB976500B9AFD6 /* SeeMoreViewController.swift in Sources */,
				BCBEB32C28EB975300B9AFD6 /* SeeMoreViewModel.swift in Sources */,
				BCC2A1CE28E7EFBE00DCDEBE /* UIColor+Extension.swift in Sources */,
				BCC2A1BB28E7D1C200DCDEBE /* UINavigationBar+Extension.swift in Sources */,
				BC8D3C4E28E9483A005B8848 /* DetailProtocols.swift in Sources */,
				BCC2A1CC28E7EF5800DCDEBE /* SeeTrailerButton.swift in Sources */,
				BC8D3C2628E93934005B8848 /* Movies.swift in Sources */,
				BCC2A1B928E7D0B000DCDEBE /* UINavigationItem+Extension.swift in Sources */,
				BC8E393328E7762000518679 /* Loading.swift in Sources */,
				BCF168A128E9829000C4C24D /* UIImageView+Extension.swift in Sources */,
				BCF1689528E9606B00C4C24D /* Requests.swift in Sources */,
				BC8E392228E76D5800518679 /* MainCoordinator.swift in Sources */,
				BC8E38E228E7697100518679 /* AppDelegate.swift in Sources */,
				BCF1689F28E97AA800C4C24D /* DetailMovieRequest.swift in Sources */,
				BCC3494B28EA88DF001B4F97 /* DataManager.swift in Sources */,
				BC8D3C4728E93DA7005B8848 /* MovieCollectionViewCell.swift in Sources */,
				BCC3494D28EA8BAA001B4F97 /* TrendsRequest.swift in Sources */,
				BCBEB33928EBC81200B9AFD6 /* Double+Extension.swift in Sources */,
				BC8D3C4B28E94573005B8848 /* HomeProtocols.swift in Sources */,
				BCBEB33628EBB45300B9AFD6 /* SeeMoreTableViewCell.swift in Sources */,
				BC8E392028E76D4000518679 /* Coordinator.swift in Sources */,
				BC8E391A28E76C1600518679 /* HomeViewModel.swift in Sources */,
				BC8E392F28E774EC00518679 /* Reachability.swift in Sources */,
				BC8E393128E7750900518679 /* Alerts.swift in Sources */,
				BC8E391528E76BF300518679 /* HomeViewController.swift in Sources */,
				BCC2A1C728E7D83E00DCDEBE /* DetailViewModel.swift in Sources */,
				BC8D3C4228E93A23005B8848 /* FilterCollectionViewCell.swift in Sources */,
				BCC2A1C428E7D82E00DCDEBE /* DetailViewController.swift in Sources */,
				BCC3495428EAA106001B4F97 /* SeeTrailerRequest.swift in Sources */,
			);
			runOnlyForDeploymentPostprocessing = 0;
		};
		BC8E38F028E7697500518679 /* Sources */ = {
			isa = PBXSourcesBuildPhase;
			buildActionMask = 2147483647;
			files = (
				BC8E38F928E7697500518679 /* MovieTMDBSwiftTests.swift in Sources */,
			);
			runOnlyForDeploymentPostprocessing = 0;
		};
		BC8E38FA28E7697500518679 /* Sources */ = {
			isa = PBXSourcesBuildPhase;
			buildActionMask = 2147483647;
			files = (
				BC8E390528E7697500518679 /* MovieTMDBSwiftUITestsLaunchTests.swift in Sources */,
				BC8E390328E7697500518679 /* MovieTMDBSwiftUITests.swift in Sources */,
			);
			runOnlyForDeploymentPostprocessing = 0;
		};
/* End PBXSourcesBuildPhase section */

/* Begin PBXTargetDependency section */
		BC8E38F628E7697500518679 /* PBXTargetDependency */ = {
			isa = PBXTargetDependency;
			target = BC8E38DD28E7697100518679 /* MovieTMDBSwift */;
			targetProxy = BC8E38F528E7697500518679 /* PBXContainerItemProxy */;
		};
		BC8E390028E7697500518679 /* PBXTargetDependency */ = {
			isa = PBXTargetDependency;
			target = BC8E38DD28E7697100518679 /* MovieTMDBSwift */;
			targetProxy = BC8E38FF28E7697500518679 /* PBXContainerItemProxy */;
		};
/* End PBXTargetDependency section */

/* Begin PBXVariantGroup section */
		BC8E38EC28E7697400518679 /* LaunchScreen.storyboard */ = {
			isa = PBXVariantGroup;
			children = (
				BC8E38ED28E7697400518679 /* Base */,
			);
			name = LaunchScreen.storyboard;
			sourceTree = "<group>";
		};
/* End PBXVariantGroup section */

/* Begin XCBuildConfiguration section */
		BC8E390628E7697500518679 /* Debug */ = {
			isa = XCBuildConfiguration;
			buildSettings = {
				ALWAYS_SEARCH_USER_PATHS = NO;
				CLANG_ANALYZER_NONNULL = YES;
				CLANG_ANALYZER_NUMBER_OBJECT_CONVERSION = YES_AGGRESSIVE;
				CLANG_CXX_LANGUAGE_STANDARD = "gnu++20";
				CLANG_ENABLE_MODULES = YES;
				CLANG_ENABLE_OBJC_ARC = YES;
				CLANG_ENABLE_OBJC_WEAK = YES;
				CLANG_WARN_BLOCK_CAPTURE_AUTORELEASING = YES;
				CLANG_WARN_BOOL_CONVERSION = YES;
				CLANG_WARN_COMMA = YES;
				CLANG_WARN_CONSTANT_CONVERSION = YES;
				CLANG_WARN_DEPRECATED_OBJC_IMPLEMENTATIONS = YES;
				CLANG_WARN_DIRECT_OBJC_ISA_USAGE = YES_ERROR;
				CLANG_WARN_DOCUMENTATION_COMMENTS = YES;
				CLANG_WARN_EMPTY_BODY = YES;
				CLANG_WARN_ENUM_CONVERSION = YES;
				CLANG_WARN_INFINITE_RECURSION = YES;
				CLANG_WARN_INT_CONVERSION = YES;
				CLANG_WARN_NON_LITERAL_NULL_CONVERSION = YES;
				CLANG_WARN_OBJC_IMPLICIT_RETAIN_SELF = YES;
				CLANG_WARN_OBJC_LITERAL_CONVERSION = YES;
				CLANG_WARN_OBJC_ROOT_CLASS = YES_ERROR;
				CLANG_WARN_QUOTED_INCLUDE_IN_FRAMEWORK_HEADER = YES;
				CLANG_WARN_RANGE_LOOP_ANALYSIS = YES;
				CLANG_WARN_STRICT_PROTOTYPES = YES;
				CLANG_WARN_SUSPICIOUS_MOVE = YES;
				CLANG_WARN_UNGUARDED_AVAILABILITY = YES_AGGRESSIVE;
				CLANG_WARN_UNREACHABLE_CODE = YES;
				CLANG_WARN__DUPLICATE_METHOD_MATCH = YES;
				COPY_PHASE_STRIP = NO;
				DEBUG_INFORMATION_FORMAT = dwarf;
				ENABLE_STRICT_OBJC_MSGSEND = YES;
				ENABLE_TESTABILITY = YES;
				GCC_C_LANGUAGE_STANDARD = gnu11;
				GCC_DYNAMIC_NO_PIC = NO;
				GCC_NO_COMMON_BLOCKS = YES;
				GCC_OPTIMIZATION_LEVEL = 0;
				GCC_PREPROCESSOR_DEFINITIONS = (
					"DEBUG=1",
					"$(inherited)",
				);
				GCC_WARN_64_TO_32_BIT_CONVERSION = YES;
				GCC_WARN_ABOUT_RETURN_TYPE = YES_ERROR;
				GCC_WARN_UNDECLARED_SELECTOR = YES;
				GCC_WARN_UNINITIALIZED_AUTOS = YES_AGGRESSIVE;
				GCC_WARN_UNUSED_FUNCTION = YES;
				GCC_WARN_UNUSED_VARIABLE = YES;
				IPHONEOS_DEPLOYMENT_TARGET = 14.0;
				MTL_ENABLE_DEBUG_INFO = INCLUDE_SOURCE;
				MTL_FAST_MATH = YES;
				ONLY_ACTIVE_ARCH = YES;
				SDKROOT = iphoneos;
				SWIFT_ACTIVE_COMPILATION_CONDITIONS = DEBUG;
				SWIFT_OPTIMIZATION_LEVEL = "-Onone";
			};
			name = Debug;
		};
		BC8E390728E7697500518679 /* Release */ = {
			isa = XCBuildConfiguration;
			buildSettings = {
				ALWAYS_SEARCH_USER_PATHS = NO;
				CLANG_ANALYZER_NONNULL = YES;
				CLANG_ANALYZER_NUMBER_OBJECT_CONVERSION = YES_AGGRESSIVE;
				CLANG_CXX_LANGUAGE_STANDARD = "gnu++20";
				CLANG_ENABLE_MODULES = YES;
				CLANG_ENABLE_OBJC_ARC = YES;
				CLANG_ENABLE_OBJC_WEAK = YES;
				CLANG_WARN_BLOCK_CAPTURE_AUTORELEASING = YES;
				CLANG_WARN_BOOL_CONVERSION = YES;
				CLANG_WARN_COMMA = YES;
				CLANG_WARN_CONSTANT_CONVERSION = YES;
				CLANG_WARN_DEPRECATED_OBJC_IMPLEMENTATIONS = YES;
				CLANG_WARN_DIRECT_OBJC_ISA_USAGE = YES_ERROR;
				CLANG_WARN_DOCUMENTATION_COMMENTS = YES;
				CLANG_WARN_EMPTY_BODY = YES;
				CLANG_WARN_ENUM_CONVERSION = YES;
				CLANG_WARN_INFINITE_RECURSION = YES;
				CLANG_WARN_INT_CONVERSION = YES;
				CLANG_WARN_NON_LITERAL_NULL_CONVERSION = YES;
				CLANG_WARN_OBJC_IMPLICIT_RETAIN_SELF = YES;
				CLANG_WARN_OBJC_LITERAL_CONVERSION = YES;
				CLANG_WARN_OBJC_ROOT_CLASS = YES_ERROR;
				CLANG_WARN_QUOTED_INCLUDE_IN_FRAMEWORK_HEADER = YES;
				CLANG_WARN_RANGE_LOOP_ANALYSIS = YES;
				CLANG_WARN_STRICT_PROTOTYPES = YES;
				CLANG_WARN_SUSPICIOUS_MOVE = YES;
				CLANG_WARN_UNGUARDED_AVAILABILITY = YES_AGGRESSIVE;
				CLANG_WARN_UNREACHABLE_CODE = YES;
				CLANG_WARN__DUPLICATE_METHOD_MATCH = YES;
				COPY_PHASE_STRIP = NO;
				DEBUG_INFORMATION_FORMAT = "dwarf-with-dsym";
				ENABLE_NS_ASSERTIONS = NO;
				ENABLE_STRICT_OBJC_MSGSEND = YES;
				GCC_C_LANGUAGE_STANDARD = gnu11;
				GCC_NO_COMMON_BLOCKS = YES;
				GCC_WARN_64_TO_32_BIT_CONVERSION = YES;
				GCC_WARN_ABOUT_RETURN_TYPE = YES_ERROR;
				GCC_WARN_UNDECLARED_SELECTOR = YES;
				GCC_WARN_UNINITIALIZED_AUTOS = YES_AGGRESSIVE;
				GCC_WARN_UNUSED_FUNCTION = YES;
				GCC_WARN_UNUSED_VARIABLE = YES;
				IPHONEOS_DEPLOYMENT_TARGET = 14.0;
				MTL_ENABLE_DEBUG_INFO = NO;
				MTL_FAST_MATH = YES;
				SDKROOT = iphoneos;
				SWIFT_COMPILATION_MODE = wholemodule;
				SWIFT_OPTIMIZATION_LEVEL = "-O";
				VALIDATE_PRODUCT = YES;
			};
			name = Release;
		};
		BC8E390928E7697500518679 /* Debug */ = {
			isa = XCBuildConfiguration;
			buildSettings = {
				ASSETCATALOG_COMPILER_APPICON_NAME = AppIcon;
				ASSETCATALOG_COMPILER_GLOBAL_ACCENT_COLOR_NAME = AccentColor;
				CODE_SIGN_STYLE = Automatic;
				CURRENT_PROJECT_VERSION = 1;
				DEVELOPMENT_TEAM = 5S22W76BBZ;
				GENERATE_INFOPLIST_FILE = YES;
				INFOPLIST_FILE = MovieTMDBSwift/Info.plist;
				INFOPLIST_KEY_CFBundleDisplayName = eMovie;
				INFOPLIST_KEY_UIApplicationSupportsIndirectInputEvents = YES;
				INFOPLIST_KEY_UILaunchStoryboardName = LaunchScreen;
				INFOPLIST_KEY_UISupportedInterfaceOrientations_iPad = "UIInterfaceOrientationPortrait UIInterfaceOrientationPortraitUpsideDown UIInterfaceOrientationLandscapeLeft UIInterfaceOrientationLandscapeRight";
				INFOPLIST_KEY_UISupportedInterfaceOrientations_iPhone = "UIInterfaceOrientationPortrait UIInterfaceOrientationLandscapeLeft UIInterfaceOrientationLandscapeRight";
				LD_RUNPATH_SEARCH_PATHS = (
					"$(inherited)",
					"@executable_path/Frameworks",
				);
				MARKETING_VERSION = 1.0.0;
				PRODUCT_BUNDLE_IDENTIFIER = com.kevinhomorales.movietmdbswift;
				PRODUCT_NAME = "$(TARGET_NAME)";
				SWIFT_EMIT_LOC_STRINGS = YES;
				SWIFT_VERSION = 5.0;
				TARGETED_DEVICE_FAMILY = "1,2";
			};
			name = Debug;
		};
		BC8E390A28E7697500518679 /* Release */ = {
			isa = XCBuildConfiguration;
			buildSettings = {
				ASSETCATALOG_COMPILER_APPICON_NAME = AppIcon;
				ASSETCATALOG_COMPILER_GLOBAL_ACCENT_COLOR_NAME = AccentColor;
				CODE_SIGN_STYLE = Automatic;
				CURRENT_PROJECT_VERSION = 1;
				DEVELOPMENT_TEAM = 5S22W76BBZ;
				GENERATE_INFOPLIST_FILE = YES;
				INFOPLIST_FILE = MovieTMDBSwift/Info.plist;
				INFOPLIST_KEY_CFBundleDisplayName = eMovie;
				INFOPLIST_KEY_UIApplicationSupportsIndirectInputEvents = YES;
				INFOPLIST_KEY_UILaunchStoryboardName = LaunchScreen;
				INFOPLIST_KEY_UISupportedInterfaceOrientations_iPad = "UIInterfaceOrientationPortrait UIInterfaceOrientationPortraitUpsideDown UIInterfaceOrientationLandscapeLeft UIInterfaceOrientationLandscapeRight";
				INFOPLIST_KEY_UISupportedInterfaceOrientations_iPhone = "UIInterfaceOrientationPortrait UIInterfaceOrientationLandscapeLeft UIInterfaceOrientationLandscapeRight";
				LD_RUNPATH_SEARCH_PATHS = (
					"$(inherited)",
					"@executable_path/Frameworks",
				);
				MARKETING_VERSION = 1.0.0;
				PRODUCT_BUNDLE_IDENTIFIER = com.kevinhomorales.movietmdbswift;
				PRODUCT_NAME = "$(TARGET_NAME)";
				SWIFT_EMIT_LOC_STRINGS = YES;
				SWIFT_VERSION = 5.0;
				TARGETED_DEVICE_FAMILY = "1,2";
			};
			name = Release;
		};
		BC8E390C28E7697500518679 /* Debug */ = {
			isa = XCBuildConfiguration;
			buildSettings = {
				ALWAYS_EMBED_SWIFT_STANDARD_LIBRARIES = YES;
				BUNDLE_LOADER = "$(TEST_HOST)";
				CODE_SIGN_STYLE = Automatic;
				CURRENT_PROJECT_VERSION = 1;
				DEVELOPMENT_TEAM = 6K97X3L3WV;
				GENERATE_INFOPLIST_FILE = YES;
				IPHONEOS_DEPLOYMENT_TARGET = 16.0;
				MARKETING_VERSION = 1.0;
				PRODUCT_BUNDLE_IDENTIFIER = com.kevinhomorales.MovieTMDBSwiftTests;
				PRODUCT_NAME = "$(TARGET_NAME)";
				SWIFT_EMIT_LOC_STRINGS = NO;
				SWIFT_VERSION = 5.0;
				TARGETED_DEVICE_FAMILY = "1,2";
				TEST_HOST = "$(BUILT_PRODUCTS_DIR)/MovieTMDBSwift.app/$(BUNDLE_EXECUTABLE_FOLDER_PATH)/MovieTMDBSwift";
			};
			name = Debug;
		};
		BC8E390D28E7697500518679 /* Release */ = {
			isa = XCBuildConfiguration;
			buildSettings = {
				ALWAYS_EMBED_SWIFT_STANDARD_LIBRARIES = YES;
				BUNDLE_LOADER = "$(TEST_HOST)";
				CODE_SIGN_STYLE = Automatic;
				CURRENT_PROJECT_VERSION = 1;
				DEVELOPMENT_TEAM = 6K97X3L3WV;
				GENERATE_INFOPLIST_FILE = YES;
				IPHONEOS_DEPLOYMENT_TARGET = 16.0;
				MARKETING_VERSION = 1.0;
				PRODUCT_BUNDLE_IDENTIFIER = com.kevinhomorales.MovieTMDBSwiftTests;
				PRODUCT_NAME = "$(TARGET_NAME)";
				SWIFT_EMIT_LOC_STRINGS = NO;
				SWIFT_VERSION = 5.0;
				TARGETED_DEVICE_FAMILY = "1,2";
				TEST_HOST = "$(BUILT_PRODUCTS_DIR)/MovieTMDBSwift.app/$(BUNDLE_EXECUTABLE_FOLDER_PATH)/MovieTMDBSwift";
			};
			name = Release;
		};
		BC8E390F28E7697500518679 /* Debug */ = {
			isa = XCBuildConfiguration;
			buildSettings = {
				ALWAYS_EMBED_SWIFT_STANDARD_LIBRARIES = YES;
				CODE_SIGN_STYLE = Automatic;
				CURRENT_PROJECT_VERSION = 1;
				DEVELOPMENT_TEAM = 6K97X3L3WV;
				GENERATE_INFOPLIST_FILE = YES;
				MARKETING_VERSION = 1.0;
				PRODUCT_BUNDLE_IDENTIFIER = com.kevinhomorales.MovieTMDBSwiftUITests;
				PRODUCT_NAME = "$(TARGET_NAME)";
				SWIFT_EMIT_LOC_STRINGS = NO;
				SWIFT_VERSION = 5.0;
				TARGETED_DEVICE_FAMILY = "1,2";
				TEST_TARGET_NAME = MovieTMDBSwift;
			};
			name = Debug;
		};
		BC8E391028E7697500518679 /* Release */ = {
			isa = XCBuildConfiguration;
			buildSettings = {
				ALWAYS_EMBED_SWIFT_STANDARD_LIBRARIES = YES;
				CODE_SIGN_STYLE = Automatic;
				CURRENT_PROJECT_VERSION = 1;
				DEVELOPMENT_TEAM = 6K97X3L3WV;
				GENERATE_INFOPLIST_FILE = YES;
				MARKETING_VERSION = 1.0;
				PRODUCT_BUNDLE_IDENTIFIER = com.kevinhomorales.MovieTMDBSwiftUITests;
				PRODUCT_NAME = "$(TARGET_NAME)";
				SWIFT_EMIT_LOC_STRINGS = NO;
				SWIFT_VERSION = 5.0;
				TARGETED_DEVICE_FAMILY = "1,2";
				TEST_TARGET_NAME = MovieTMDBSwift;
			};
			name = Release;
		};
/* End XCBuildConfiguration section */

/* Begin XCConfigurationList section */
		BC8E38D928E7697100518679 /* Build configuration list for PBXProject "MovieTMDBSwift" */ = {
			isa = XCConfigurationList;
			buildConfigurations = (
				BC8E390628E7697500518679 /* Debug */,
				BC8E390728E7697500518679 /* Release */,
			);
			defaultConfigurationIsVisible = 0;
			defaultConfigurationName = Release;
		};
		BC8E390828E7697500518679 /* Build configuration list for PBXNativeTarget "MovieTMDBSwift" */ = {
			isa = XCConfigurationList;
			buildConfigurations = (
				BC8E390928E7697500518679 /* Debug */,
				BC8E390A28E7697500518679 /* Release */,
			);
			defaultConfigurationIsVisible = 0;
			defaultConfigurationName = Release;
		};
		BC8E390B28E7697500518679 /* Build configuration list for PBXNativeTarget "MovieTMDBSwiftTests" */ = {
			isa = XCConfigurationList;
			buildConfigurations = (
				BC8E390C28E7697500518679 /* Debug */,
				BC8E390D28E7697500518679 /* Release */,
			);
			defaultConfigurationIsVisible = 0;
			defaultConfigurationName = Release;
		};
		BC8E390E28E7697500518679 /* Build configuration list for PBXNativeTarget "MovieTMDBSwiftUITests" */ = {
			isa = XCConfigurationList;
			buildConfigurations = (
				BC8E390F28E7697500518679 /* Debug */,
				BC8E391028E7697500518679 /* Release */,
			);
			defaultConfigurationIsVisible = 0;
			defaultConfigurationName = Release;
		};
/* End XCConfigurationList section */

/* Begin XCRemoteSwiftPackageReference section */
		BC8E392628E773F400518679 /* XCRemoteSwiftPackageReference "RxSwift" */ = {
			isa = XCRemoteSwiftPackageReference;
			repositoryURL = "https://github.com/ReactiveX/RxSwift";
			requirement = {
				kind = upToNextMajorVersion;
				minimumVersion = 6.0.0;
			};
		};
		BCF1689828E96C0300C4C24D /* XCRemoteSwiftPackageReference "Kingfisher" */ = {
			isa = XCRemoteSwiftPackageReference;
			repositoryURL = "https://github.com/onevcat/Kingfisher";
			requirement = {
				kind = upToNextMajorVersion;
				minimumVersion = 7.0.0;
			};
		};
/* End XCRemoteSwiftPackageReference section */

/* Begin XCSwiftPackageProductDependency section */
		BC8E392728E773F400518679 /* RxCocoa */ = {
			isa = XCSwiftPackageProductDependency;
			package = BC8E392628E773F400518679 /* XCRemoteSwiftPackageReference "RxSwift" */;
			productName = RxCocoa;
		};
		BC8E392928E773F400518679 /* RxRelay */ = {
			isa = XCSwiftPackageProductDependency;
			package = BC8E392628E773F400518679 /* XCRemoteSwiftPackageReference "RxSwift" */;
			productName = RxRelay;
		};
		BC8E392B28E773F400518679 /* RxSwift */ = {
			isa = XCSwiftPackageProductDependency;
			package = BC8E392628E773F400518679 /* XCRemoteSwiftPackageReference "RxSwift" */;
			productName = RxSwift;
		};
		BCF1689928E96C0400C4C24D /* Kingfisher */ = {
			isa = XCSwiftPackageProductDependency;
			package = BCF1689828E96C0300C4C24D /* XCRemoteSwiftPackageReference "Kingfisher" */;
			productName = Kingfisher;
		};
/* End XCSwiftPackageProductDependency section */
	};
	rootObject = BC8E38D628E7697100518679 /* Project object */;
}
